
Microsoft Visual Studio Solution File, Format Version 12.00
# Visual Studio Version 17
VisualStudioVersion = 17.11.35312.102
MinimumVisualStudioVersion = 10.0.40219.1
Project("{9A19103F-16F7-4668-BE54-9A1E7A4F7556}") = "semester1Website", "semester1Website\semester1Website.csproj", "{E99AD4B1-FE55-4879-B93E-CF9803C03595}"
EndProject
Global
	GlobalSection(SolutionConfigurationPlatforms) = preSolution
		Debug|Any CPU = Debug|Any CPU
		Release|Any CPU = Release|Any CPU
	EndGlobalSection
	GlobalSection(ProjectConfigurationPlatforms) = postSolution
		{E99AD4B1-FE55-4879-B93E-CF9803C03595}.Debug|Any CPU.ActiveCfg = Debug|Any CPU
		{E99AD4B1-FE55-4879-B93E-CF9803C03595}.Debug|Any CPU.Build.0 = Debug|Any CPU
		{E99AD4B1-FE55-4879-B93E-CF9803C03595}.Release|Any CPU.ActiveCfg = Release|Any CPU
		{E99AD4B1-FE55-4879-B93E-CF9803C03595}.Release|Any CPU.Build.0 = Release|Any CPU
	EndGlobalSection
	GlobalSection(SolutionProperties) = preSolution
		HideSolutionNode = FALSE
	EndGlobalSection
	GlobalSection(ExtensibilityGlobals) = postSolution
		SolutionGuid = {913C14B1-1293-4D6E-A30E-73CC7E780453}
	EndGlobalSection
EndGlobal
